
Microsoft Visual Studio Solution File, Format Version 12.00
# Visual Studio 15
VisualStudioVersion = 15.0.28307.960
MinimumVisualStudioVersion = 10.0.40219.1
Project("{8BC9CEB8-8B4A-11D0-8D11-00A0C91BC942}") = "数据竞争", "数据竞争\数据竞争.vcxproj", "{9745942D-203E-4CAF-B6EE-3EC1964970C5}"
EndProject
Global
	GlobalSection(SolutionConfigurationPlatforms) = preSolution
		Debug|x64 = Debug|x64
		Debug|x86 = Debug|x86
		Release|x64 = Release|x64
		Release|x86 = Release|x86
	EndGlobalSection
	GlobalSection(ProjectConfigurationPlatforms) = postSolution
		{9745942D-203E-4CAF-B6EE-3EC1964970C5}.Debug|x64.ActiveCfg = Debug|x64
		{9745942D-203E-4CAF-B6EE-3EC1964970C5}.Debug|x64.Build.0 = Debug|x64
		{9745942D-203E-4CAF-B6EE-3EC1964970C5}.Debug|x86.ActiveCfg = Debug|Win32
		{9745942D-203E-4CAF-B6EE-3EC1964970C5}.Debug|x86.Build.0 = Debug|Win32
		{9745942D-203E-4CAF-B6EE-3EC1964970C5}.Release|x64.ActiveCfg = Release|x64
		{9745942D-203E-4CAF-B6EE-3EC1964970C5}.Release|x64.Build.0 = Release|x64
		{9745942D-203E-4CAF-B6EE-3EC1964970C5}.Release|x86.ActiveCfg = Release|Win32
		{9745942D-203E-4CAF-B6EE-3EC1964970C5}.Release|x86.Build.0 = Release|Win32
	EndGlobalSection
	GlobalSection(SolutionProperties) = preSolution
		HideSolutionNode = FALSE
	EndGlobalSection
	GlobalSection(ExtensibilityGlobals) = postSolution
		SolutionGuid = {219977E0-826A-4781-B566-1A8DD20DBE3F}
	EndGlobalSection
EndGlobal
