
Microsoft Visual Studio Solution File, Format Version 12.00
# Visual Studio 15
VisualStudioVersion = 15.0.28307.960
MinimumVisualStudioVersion = 10.0.40219.1
Project("{8BC9CEB8-8B4A-11D0-8D11-00A0C91BC942}") = "指令级并行", "指令级并行\指令级并行.vcxproj", "{687F8A5B-6D58-4452-8CD3-6FF8DB63CCFD}"
EndProject
Global
	GlobalSection(SolutionConfigurationPlatforms) = preSolution
		Debug|x64 = Debug|x64
		Debug|x86 = Debug|x86
		Release|x64 = Release|x64
		Release|x86 = Release|x86
	EndGlobalSection
	GlobalSection(ProjectConfigurationPlatforms) = postSolution
		{687F8A5B-6D58-4452-8CD3-6FF8DB63CCFD}.Debug|x64.ActiveCfg = Debug|x64
		{687F8A5B-6D58-4452-8CD3-6FF8DB63CCFD}.Debug|x64.Build.0 = Debug|x64
		{687F8A5B-6D58-4452-8CD3-6FF8DB63CCFD}.Debug|x86.ActiveCfg = Debug|Win32
		{687F8A5B-6D58-4452-8CD3-6FF8DB63CCFD}.Debug|x86.Build.0 = Debug|Win32
		{687F8A5B-6D58-4452-8CD3-6FF8DB63CCFD}.Release|x64.ActiveCfg = Release|x64
		{687F8A5B-6D58-4452-8CD3-6FF8DB63CCFD}.Release|x64.Build.0 = Release|x64
		{687F8A5B-6D58-4452-8CD3-6FF8DB63CCFD}.Release|x86.ActiveCfg = Release|Win32
		{687F8A5B-6D58-4452-8CD3-6FF8DB63CCFD}.Release|x86.Build.0 = Release|Win32
	EndGlobalSection
	GlobalSection(SolutionProperties) = preSolution
		HideSolutionNode = FALSE
	EndGlobalSection
	GlobalSection(ExtensibilityGlobals) = postSolution
		SolutionGuid = {64DA2621-E1DC-49F9-851B-6CE8033A98CE}
	EndGlobalSection
EndGlobal
